Microsoft Visual Studio Solution File, Format Version 12.00
# Visual Studio 14
VisualStudioVersion = 14.0.25420.1
MinimumVisualStudioVersion = 10.0.40219.1
Project("{FAE04EC0-301F-11D3-BF4B-00C04F79EFBC}") = "Assembly-CSharp-firstpass", "Assembly-CSharp-firstpass.csproj", "{D1DBDB39-3DD8-0371-1D04-5A0A63D9BE32}"
EndProject
Project("{FAE04EC0-301F-11D3-BF4B-00C04F79EFBC}") = "Assembly-CSharp", "Assembly-CSharp.csproj", "{2F7FDBE8-9988-A117-E8C1-1AE944D46236}"
EndProject
Project("{FAE04EC0-301F-11D3-BF4B-00C04F79EFBC}") = "Assembly-CSharp-Editor", "Assembly-CSharp-Editor.csproj", "{8B9FD22C-C651-FA8C-E0FE-BD4E2021D665}"
EndProject
Global
	GlobalSection(SolutionConfigurationPlatforms) = preSolution
		Debug|Any CPU = Debug|Any CPU
		Release|Any CPU = Release|Any CPU
	EndGlobalSection
	GlobalSection(ProjectConfigurationPlatforms) = postSolution
		{D1DBDB39-3DD8-0371-1D04-5A0A63D9BE32}.Debug|Any CPU.ActiveCfg = Debug|Any CPU
		{D1DBDB39-3DD8-0371-1D04-5A0A63D9BE32}.Debug|Any CPU.Build.0 = Debug|Any CPU
		{D1DBDB39-3DD8-0371-1D04-5A0A63D9BE32}.Release|Any CPU.ActiveCfg = Release|Any CPU
		{D1DBDB39-3DD8-0371-1D04-5A0A63D9BE32}.Release|Any CPU.Build.0 = Release|Any CPU
		{2F7FDBE8-9988-A117-E8C1-1AE944D46236}.Debug|Any CPU.ActiveCfg = Debug|Any CPU
		{2F7FDBE8-9988-A117-E8C1-1AE944D46236}.Debug|Any CPU.Build.0 = Debug|Any CPU
		{2F7FDBE8-9988-A117-E8C1-1AE944D46236}.Release|Any CPU.ActiveCfg = Release|Any CPU
		{2F7FDBE8-9988-A117-E8C1-1AE944D46236}.Release|Any CPU.Build.0 = Release|Any CPU
		{8B9FD22C-C651-FA8C-E0FE-BD4E2021D665}.Debug|Any CPU.ActiveCfg = Debug|Any CPU
		{8B9FD22C-C651-FA8C-E0FE-BD4E2021D665}.Debug|Any CPU.Build.0 = Debug|Any CPU
		{8B9FD22C-C651-FA8C-E0FE-BD4E2021D665}.Release|Any CPU.ActiveCfg = Release|Any CPU
		{8B9FD22C-C651-FA8C-E0FE-BD4E2021D665}.Release|Any CPU.Build.0 = Release|Any CPU
	EndGlobalSection
	GlobalSection(SolutionProperties) = preSolution
		HideSolutionNode = FALSE
	EndGlobalSection
	GlobalSection(MonoDevelopProperties) = preSolution
		StartupItem = Assembly-CSharp.csproj
	EndGlobalSection
EndGlobal
